
Microsoft Visual Studio Solution File, Format Version 12.00
# Visual Studio 15
Project("{FAE04EC0-301F-11D3-BF4B-00C04F79EFBC}") = "Assembly-CSharp", "Assembly-CSharp.csproj", "{CDC7B070-7974-0E2A-EF7B-5DA908946BCB}"
EndProject
Project("{FAE04EC0-301F-11D3-BF4B-00C04F79EFBC}") = "Assembly-CSharp-Editor", "Assembly-CSharp-Editor.csproj", "{020B91A2-BCF9-ED5C-7549-AD021FE0DA43}"
EndProject
Global
	GlobalSection(SolutionConfigurationPlatforms) = preSolution
		Debug|Any CPU = Debug|Any CPU
		Release|Any CPU = Release|Any CPU
	EndGlobalSection
	GlobalSection(ProjectConfigurationPlatforms) = postSolution
		{CDC7B070-7974-0E2A-EF7B-5DA908946BCB}.Debug|Any CPU.ActiveCfg = Debug|Any CPU
		{CDC7B070-7974-0E2A-EF7B-5DA908946BCB}.Debug|Any CPU.Build.0 = Debug|Any CPU
		{CDC7B070-7974-0E2A-EF7B-5DA908946BCB}.Release|Any CPU.ActiveCfg = Release|Any CPU
		{CDC7B070-7974-0E2A-EF7B-5DA908946BCB}.Release|Any CPU.Build.0 = Release|Any CPU
		{020B91A2-BCF9-ED5C-7549-AD021FE0DA43}.Debug|Any CPU.ActiveCfg = Debug|Any CPU
		{020B91A2-BCF9-ED5C-7549-AD021FE0DA43}.Debug|Any CPU.Build.0 = Debug|Any CPU
		{020B91A2-BCF9-ED5C-7549-AD021FE0DA43}.Release|Any CPU.ActiveCfg = Release|Any CPU
		{020B91A2-BCF9-ED5C-7549-AD021FE0DA43}.Release|Any CPU.Build.0 = Release|Any CPU
	EndGlobalSection
	GlobalSection(SolutionProperties) = preSolution
		HideSolutionNode = FALSE
	EndGlobalSection
EndGlobal
